
Microsoft Visual Studio Solution File, Format Version 12.00
# Visual Studio 15
VisualStudioVersion = 15.0.28307.1684
MinimumVisualStudioVersion = 10.0.40219.1
Project("{FAE04EC0-301F-11D3-BF4B-00C04F79EFBC}") = "SQLParser", "SQLParser\SQLParser.csproj", "{43BD7593-BD4F-4A95-82DF-2070A1EF9CFB}"
EndProject
Global
	GlobalSection(SolutionConfigurationPlatforms) = preSolution
		Debug|Any CPU = Debug|Any CPU
		Release|Any CPU = Release|Any CPU
	EndGlobalSection
	GlobalSection(ProjectConfigurationPlatforms) = postSolution
		{43BD7593-BD4F-4A95-82DF-2070A1EF9CFB}.Debug|Any CPU.ActiveCfg = Debug|Any CPU
		{43BD7593-BD4F-4A95-82DF-2070A1EF9CFB}.Debug|Any CPU.Build.0 = Debug|Any CPU
		{43BD7593-BD4F-4A95-82DF-2070A1EF9CFB}.Release|Any CPU.ActiveCfg = Release|Any CPU
		{43BD7593-BD4F-4A95-82DF-2070A1EF9CFB}.Release|Any CPU.Build.0 = Release|Any CPU
	EndGlobalSection
	GlobalSection(SolutionProperties) = preSolution
		HideSolutionNode = FALSE
	EndGlobalSection
	GlobalSection(ExtensibilityGlobals) = postSolution
		SolutionGuid = {18CF6E8E-3700-44B9-871E-627574B97BEA}
	EndGlobalSection
EndGlobal
